
Microsoft Visual Studio Solution File, Format Version 12.00
# Visual Studio Version 17
VisualStudioVersion = 17.9.34714.143
MinimumVisualStudioVersion = 10.0.40219.1
Project("{8BC9CEB8-8B4A-11D0-8D11-00A0C91BC942}") = "day26", "day26.vcxproj", "{650F0ACA-529C-4864-917D-345F700FC95B}"
EndProject
Global
	GlobalSection(SolutionConfigurationPlatforms) = preSolution
		Debug|x64 = Debug|x64
		Debug|x86 = Debug|x86
		Release|x64 = Release|x64
		Release|x86 = Release|x86
	EndGlobalSection
	GlobalSection(ProjectConfigurationPlatforms) = postSolution
		{650F0ACA-529C-4864-917D-345F700FC95B}.Debug|x64.ActiveCfg = Debug|x64
		{650F0ACA-529C-4864-917D-345F700FC95B}.Debug|x64.Build.0 = Debug|x64
		{650F0ACA-529C-4864-917D-345F700FC95B}.Debug|x86.ActiveCfg = Debug|Win32
		{650F0ACA-529C-4864-917D-345F700FC95B}.Debug|x86.Build.0 = Debug|Win32
		{650F0ACA-529C-4864-917D-345F700FC95B}.Release|x64.ActiveCfg = Release|x64
		{650F0ACA-529C-4864-917D-345F700FC95B}.Release|x64.Build.0 = Release|x64
		{650F0ACA-529C-4864-917D-345F700FC95B}.Release|x86.ActiveCfg = Release|Win32
		{650F0ACA-529C-4864-917D-345F700FC95B}.Release|x86.Build.0 = Release|Win32
	EndGlobalSection
	GlobalSection(SolutionProperties) = preSolution
		HideSolutionNode = FALSE
	EndGlobalSection
	GlobalSection(ExtensibilityGlobals) = postSolution
		SolutionGuid = {2B54E2C2-7866-4A50-B415-DD88F1663B21}
	EndGlobalSection
EndGlobal
