
Microsoft Visual Studio Solution File, Format Version 12.00
# Visual Studio Version 17
VisualStudioVersion = 17.9.34714.143
MinimumVisualStudioVersion = 10.0.40219.1
Project("{8BC9CEB8-8B4A-11D0-8D11-00A0C91BC942}") = "day30", "day30.vcxproj", "{70DD1AA2-7924-439B-AA8B-D49716778C7F}"
EndProject
Global
	GlobalSection(SolutionConfigurationPlatforms) = preSolution
		Debug|x64 = Debug|x64
		Debug|x86 = Debug|x86
		Release|x64 = Release|x64
		Release|x86 = Release|x86
	EndGlobalSection
	GlobalSection(ProjectConfigurationPlatforms) = postSolution
		{70DD1AA2-7924-439B-AA8B-D49716778C7F}.Debug|x64.ActiveCfg = Debug|x64
		{70DD1AA2-7924-439B-AA8B-D49716778C7F}.Debug|x64.Build.0 = Debug|x64
		{70DD1AA2-7924-439B-AA8B-D49716778C7F}.Debug|x86.ActiveCfg = Debug|Win32
		{70DD1AA2-7924-439B-AA8B-D49716778C7F}.Debug|x86.Build.0 = Debug|Win32
		{70DD1AA2-7924-439B-AA8B-D49716778C7F}.Release|x64.ActiveCfg = Release|x64
		{70DD1AA2-7924-439B-AA8B-D49716778C7F}.Release|x64.Build.0 = Release|x64
		{70DD1AA2-7924-439B-AA8B-D49716778C7F}.Release|x86.ActiveCfg = Release|Win32
		{70DD1AA2-7924-439B-AA8B-D49716778C7F}.Release|x86.Build.0 = Release|Win32
	EndGlobalSection
	GlobalSection(SolutionProperties) = preSolution
		HideSolutionNode = FALSE
	EndGlobalSection
	GlobalSection(ExtensibilityGlobals) = postSolution
		SolutionGuid = {9295ECE0-32DA-4852-9496-9E0FB04E0537}
	EndGlobalSection
EndGlobal
