
Microsoft Visual Studio Solution File, Format Version 12.00
# Visual Studio Version 17
VisualStudioVersion = 17.9.34714.143
MinimumVisualStudioVersion = 10.0.40219.1
Project("{8BC9CEB8-8B4A-11D0-8D11-00A0C91BC942}") = "week02", "week02.vcxproj", "{E775B7CC-9B97-4A99-91BB-1EAFD9456CC8}"
EndProject
Global
	GlobalSection(SolutionConfigurationPlatforms) = preSolution
		Debug|x64 = Debug|x64
		Debug|x86 = Debug|x86
		Release|x64 = Release|x64
		Release|x86 = Release|x86
	EndGlobalSection
	GlobalSection(ProjectConfigurationPlatforms) = postSolution
		{E775B7CC-9B97-4A99-91BB-1EAFD9456CC8}.Debug|x64.ActiveCfg = Debug|x64
		{E775B7CC-9B97-4A99-91BB-1EAFD9456CC8}.Debug|x64.Build.0 = Debug|x64
		{E775B7CC-9B97-4A99-91BB-1EAFD9456CC8}.Debug|x86.ActiveCfg = Debug|Win32
		{E775B7CC-9B97-4A99-91BB-1EAFD9456CC8}.Debug|x86.Build.0 = Debug|Win32
		{E775B7CC-9B97-4A99-91BB-1EAFD9456CC8}.Release|x64.ActiveCfg = Release|x64
		{E775B7CC-9B97-4A99-91BB-1EAFD9456CC8}.Release|x64.Build.0 = Release|x64
		{E775B7CC-9B97-4A99-91BB-1EAFD9456CC8}.Release|x86.ActiveCfg = Release|Win32
		{E775B7CC-9B97-4A99-91BB-1EAFD9456CC8}.Release|x86.Build.0 = Release|Win32
	EndGlobalSection
	GlobalSection(SolutionProperties) = preSolution
		HideSolutionNode = FALSE
	EndGlobalSection
	GlobalSection(ExtensibilityGlobals) = postSolution
		SolutionGuid = {E6B822DC-1F94-4961-B5EC-5F5DC7680D51}
	EndGlobalSection
EndGlobal
